
Microsoft Visual Studio Solution File, Format Version 12.00
# Visual Studio Version 16
VisualStudioVersion = 16.0.29920.165
MinimumVisualStudioVersion = 10.0.40219.1
Project("{FAE04EC0-301F-11D3-BF4B-00C04F79EFBC}") = "LV1", "LV1\LV1.csproj", "{43D4C5BB-CCE9-41AA-BD06-3328E32103ED}"
EndProject
Global
	GlobalSection(SolutionConfigurationPlatforms) = preSolution
		Debug|Any CPU = Debug|Any CPU
		Release|Any CPU = Release|Any CPU
	EndGlobalSection
	GlobalSection(ProjectConfigurationPlatforms) = postSolution
		{43D4C5BB-CCE9-41AA-BD06-3328E32103ED}.Debug|Any CPU.ActiveCfg = Debug|Any CPU
		{43D4C5BB-CCE9-41AA-BD06-3328E32103ED}.Debug|Any CPU.Build.0 = Debug|Any CPU
		{43D4C5BB-CCE9-41AA-BD06-3328E32103ED}.Release|Any CPU.ActiveCfg = Release|Any CPU
		{43D4C5BB-CCE9-41AA-BD06-3328E32103ED}.Release|Any CPU.Build.0 = Release|Any CPU
	EndGlobalSection
	GlobalSection(SolutionProperties) = preSolution
		HideSolutionNode = FALSE
	EndGlobalSection
	GlobalSection(ExtensibilityGlobals) = postSolution
		SolutionGuid = {9B1653DF-116B-4012-BE1A-293DEA29D4AB}
	EndGlobalSection
EndGlobal
