
Microsoft Visual Studio Solution File, Format Version 12.00
# Visual Studio Version 16
VisualStudioVersion = 16.0.29920.165
MinimumVisualStudioVersion = 10.0.40219.1
Project("{9A19103F-16F7-4668-BE54-9A1E7A4F7556}") = "LV1", "LV1\LV1.csproj", "{43D4C5BB-CCE9-41AA-BD06-3328E32103ED}"
EndProject
Project("{9A19103F-16F7-4668-BE54-9A1E7A4F7556}") = "LV2", "LV2\LV2.csproj", "{0FA35D18-4C3B-4838-94FA-D79CFD3C6A49}"
EndProject
Project("{9A19103F-16F7-4668-BE54-9A1E7A4F7556}") = "LV3", "LV3\LV3.csproj", "{9649DFDE-5DAB-4BBB-ACFD-FCEF3DF58120}"
EndProject
Project("{9A19103F-16F7-4668-BE54-9A1E7A4F7556}") = "LV4", "LV4\LV4.csproj", "{E49E9123-48D0-4A99-86DF-E38C4D334476}"
EndProject
Project("{9A19103F-16F7-4668-BE54-9A1E7A4F7556}") = "LV5", "LV5\LV5.csproj", "{5B71208C-8824-48CC-B5DC-A5E0CF8090BE}"
EndProject
Project("{FAE04EC0-301F-11D3-BF4B-00C04F79EFBC}") = "LV6", "LV6\LV6.csproj", "{5BBF09AF-9D8C-4E58-9AA6-23A028928CD6}"
EndProject
Global
	GlobalSection(SolutionConfigurationPlatforms) = preSolution
		Debug|Any CPU = Debug|Any CPU
		Release|Any CPU = Release|Any CPU
	EndGlobalSection
	GlobalSection(ProjectConfigurationPlatforms) = postSolution
		{43D4C5BB-CCE9-41AA-BD06-3328E32103ED}.Debug|Any CPU.ActiveCfg = Debug|Any CPU
		{43D4C5BB-CCE9-41AA-BD06-3328E32103ED}.Debug|Any CPU.Build.0 = Debug|Any CPU
		{43D4C5BB-CCE9-41AA-BD06-3328E32103ED}.Release|Any CPU.ActiveCfg = Release|Any CPU
		{43D4C5BB-CCE9-41AA-BD06-3328E32103ED}.Release|Any CPU.Build.0 = Release|Any CPU
		{0FA35D18-4C3B-4838-94FA-D79CFD3C6A49}.Debug|Any CPU.ActiveCfg = Debug|Any CPU
		{0FA35D18-4C3B-4838-94FA-D79CFD3C6A49}.Debug|Any CPU.Build.0 = Debug|Any CPU
		{0FA35D18-4C3B-4838-94FA-D79CFD3C6A49}.Release|Any CPU.ActiveCfg = Release|Any CPU
		{0FA35D18-4C3B-4838-94FA-D79CFD3C6A49}.Release|Any CPU.Build.0 = Release|Any CPU
		{9649DFDE-5DAB-4BBB-ACFD-FCEF3DF58120}.Debug|Any CPU.ActiveCfg = Debug|Any CPU
		{9649DFDE-5DAB-4BBB-ACFD-FCEF3DF58120}.Debug|Any CPU.Build.0 = Debug|Any CPU
		{9649DFDE-5DAB-4BBB-ACFD-FCEF3DF58120}.Release|Any CPU.ActiveCfg = Release|Any CPU
		{9649DFDE-5DAB-4BBB-ACFD-FCEF3DF58120}.Release|Any CPU.Build.0 = Release|Any CPU
		{E49E9123-48D0-4A99-86DF-E38C4D334476}.Debug|Any CPU.ActiveCfg = Debug|Any CPU
		{E49E9123-48D0-4A99-86DF-E38C4D334476}.Debug|Any CPU.Build.0 = Debug|Any CPU
		{E49E9123-48D0-4A99-86DF-E38C4D334476}.Release|Any CPU.ActiveCfg = Release|Any CPU
		{E49E9123-48D0-4A99-86DF-E38C4D334476}.Release|Any CPU.Build.0 = Release|Any CPU
		{5B71208C-8824-48CC-B5DC-A5E0CF8090BE}.Debug|Any CPU.ActiveCfg = Debug|Any CPU
		{5B71208C-8824-48CC-B5DC-A5E0CF8090BE}.Debug|Any CPU.Build.0 = Debug|Any CPU
		{5B71208C-8824-48CC-B5DC-A5E0CF8090BE}.Release|Any CPU.ActiveCfg = Release|Any CPU
		{5B71208C-8824-48CC-B5DC-A5E0CF8090BE}.Release|Any CPU.Build.0 = Release|Any CPU
		{5BBF09AF-9D8C-4E58-9AA6-23A028928CD6}.Debug|Any CPU.ActiveCfg = Debug|Any CPU
		{5BBF09AF-9D8C-4E58-9AA6-23A028928CD6}.Debug|Any CPU.Build.0 = Debug|Any CPU
		{5BBF09AF-9D8C-4E58-9AA6-23A028928CD6}.Release|Any CPU.ActiveCfg = Release|Any CPU
		{5BBF09AF-9D8C-4E58-9AA6-23A028928CD6}.Release|Any CPU.Build.0 = Release|Any CPU
	EndGlobalSection
	GlobalSection(SolutionProperties) = preSolution
		HideSolutionNode = FALSE
	EndGlobalSection
	GlobalSection(ExtensibilityGlobals) = postSolution
		SolutionGuid = {9B1653DF-116B-4012-BE1A-293DEA29D4AB}
	EndGlobalSection
EndGlobal
